
Microsoft Visual Studio Solution File, Format Version 12.00
# Visual Studio Version 16
VisualStudioVersion = 16.0.31911.196
MinimumVisualStudioVersion = 10.0.40219.1
Project("{FAE04EC0-301F-11D3-BF4B-00C04F79EFBC}") = "Diziler", "Diziler\Diziler.csproj", "{4C048C55-5B7F-4FF1-AA6E-84FA8712E28E}"
EndProject
Global
	GlobalSection(SolutionConfigurationPlatforms) = preSolution
		Debug|Any CPU = Debug|Any CPU
		Release|Any CPU = Release|Any CPU
	EndGlobalSection
	GlobalSection(ProjectConfigurationPlatforms) = postSolution
		{4C048C55-5B7F-4FF1-AA6E-84FA8712E28E}.Debug|Any CPU.ActiveCfg = Debug|Any CPU
		{4C048C55-5B7F-4FF1-AA6E-84FA8712E28E}.Debug|Any CPU.Build.0 = Debug|Any CPU
		{4C048C55-5B7F-4FF1-AA6E-84FA8712E28E}.Release|Any CPU.ActiveCfg = Release|Any CPU
		{4C048C55-5B7F-4FF1-AA6E-84FA8712E28E}.Release|Any CPU.Build.0 = Release|Any CPU
	EndGlobalSection
	GlobalSection(SolutionProperties) = preSolution
		HideSolutionNode = FALSE
	EndGlobalSection
	GlobalSection(ExtensibilityGlobals) = postSolution
		SolutionGuid = {EFD2C920-5019-47B1-9714-3529D5B95CE2}
	EndGlobalSection
EndGlobal
